// !$*UTF8*$!
{
	archiveVersion = 1;
	classes = {
	};
	objectVersion = 56;
	objects = {

/* Begin PBXBuildFile section */
		2F40F11E2BE566220008FD73 /* AchievementsApp.swift in Sources */ = {isa = PBXBuildFile; fileRef = 2F40F11D2BE566220008FD73 /* AchievementsApp.swift */; };
		2F40F1202BE566220008FD73 /* ContentView.swift in Sources */ = {isa = PBXBuildFile; fileRef = 2F40F11F2BE566220008FD73 /* ContentView.swift */; };
		2F40F1222BE566220008FD73 /* Assets.xcassets in Resources */ = {isa = PBXBuildFile; fileRef = 2F40F1212BE566220008FD73 /* Assets.xcassets */; };
		2F40F1262BE566220008FD73 /* Preview Assets.xcassets in Resources */ = {isa = PBXBuildFile; fileRef = 2F40F1252BE566220008FD73 /* Preview Assets.xcassets */; };
		2F40F1302BE566220008FD73 /* AchievementsTests.swift in Sources */ = {isa = PBXBuildFile; fileRef = 2F40F12F2BE566220008FD73 /* AchievementsTests.swift */; };
		2F40F13A2BE566220008FD73 /* AchievementsUITests.swift in Sources */ = {isa = PBXBuildFile; fileRef = 2F40F1392BE566220008FD73 /* AchievementsUITests.swift */; };
		2F40F13C2BE566220008FD73 /* AchievementsUITestsLaunchTests.swift in Sources */ = {isa = PBXBuildFile; fileRef = 2F40F13B2BE566220008FD73 /* AchievementsUITestsLaunchTests.swift */; };
/* End PBXBuildFile section */

/* Begin PBXContainerItemProxy section */
		2F40F12C2BE566220008FD73 /* PBXContainerItemProxy */ = {
			isa = PBXContainerItemProxy;
			containerPortal = 2F40F1122BE566220008FD73 /* Project object */;
			proxyType = 1;
			remoteGlobalIDString = 2F40F1192BE566220008FD73;
			remoteInfo = Achievements;
		};
		2F40F1362BE566220008FD73 /* PBXContainerItemProxy */ = {
			isa = PBXContainerItemProxy;
			containerPortal = 2F40F1122BE566220008FD73 /* Project object */;
			proxyType = 1;
			remoteGlobalIDString = 2F40F1192BE566220008FD73;
			remoteInfo = Achievements;
		};
/* End PBXContainerItemProxy section */

/* Begin PBXFileReference section */
		2F40F11A2BE566220008FD73 /* Achievements.app */ = {isa = PBXFileReference; explicitFileType = wrapper.application; includeInIndex = 0; path = Achievements.app; sourceTree = BUILT_PRODUCTS_DIR; };
		2F40F11D2BE566220008FD73 /* AchievementsApp.swift */ = {isa = PBXFileReference; lastKnownFileType = sourcecode.swift; path = AchievementsApp.swift; sourceTree = "<group>"; };
		2F40F11F2BE566220008FD73 /* ContentView.swift */ = {isa = PBXFileReference; lastKnownFileType = sourcecode.swift; path = ContentView.swift; sourceTree = "<group>"; };
		2F40F1212BE566220008FD73 /* Assets.xcassets */ = {isa = PBXFileReference; lastKnownFileType = folder.assetcatalog; path = Assets.xcassets; sourceTree = "<group>"; };
		2F40F1232BE566220008FD73 /* Achievements.entitlements */ = {isa = PBXFileReference; lastKnownFileType = text.plist.entitlements; path = Achievements.entitlements; sourceTree = "<group>"; };
		2F40F1252BE566220008FD73 /* Preview Assets.xcassets */ = {isa = PBXFileReference; lastKnownFileType = folder.assetcatalog; path = "Preview Assets.xcassets"; sourceTree = "<group>"; };
		2F40F12B2BE566220008FD73 /* AchievementsTests.xctest */ = {isa = PBXFileReference; explicitFileType = wrapper.cfbundle; includeInIndex = 0; path = AchievementsTests.xctest; sourceTree = BUILT_PRODUCTS_DIR; };
		2F40F12F2BE566220008FD73 /* AchievementsTests.swift */ = {isa = PBXFileReference; lastKnownFileType = sourcecode.swift; path = AchievementsTests.swift; sourceTree = "<group>"; };
		2F40F1352BE566220008FD73 /* AchievementsUITests.xctest */ = {isa = PBXFileReference; explicitFileType = wrapper.cfbundle; includeInIndex = 0; path = AchievementsUITests.xctest; sourceTree = BUILT_PRODUCTS_DIR; };
		2F40F1392BE566220008FD73 /* AchievementsUITests.swift */ = {isa = PBXFileReference; lastKnownFileType = sourcecode.swift; path = AchievementsUITests.swift; sourceTree = "<group>"; };
		2F40F13B2BE566220008FD73 /* AchievementsUITestsLaunchTests.swift */ = {isa = PBXFileReference; lastKnownFileType = sourcecode.swift; path = AchievementsUITestsLaunchTests.swift; sourceTree = "<group>"; };
/* End PBXFileReference section */

/* Begin PBXFrameworksBuildPhase section */
		2F40F1172BE566220008FD73 /* Frameworks */ = {
			isa = PBXFrameworksBuildPhase;
			buildActionMask = 2147483647;
			files = (
			);
			runOnlyForDeploymentPostprocessing = 0;
		};
		2F40F1282BE566220008FD73 /* Frameworks */ = {
			isa = PBXFrameworksBuildPhase;
			buildActionMask = 2147483647;
			files = (
			);
			runOnlyForDeploymentPostprocessing = 0;
		};
		2F40F1322BE566220008FD73 /* Frameworks */ = {
			isa = PBXFrameworksBuildPhase;
			buildActionMask = 2147483647;
			files = (
			);
			runOnlyForDeploymentPostprocessing = 0;
		};
/* End PBXFrameworksBuildPhase section */

/* Begin PBXGroup section */
		2F40F1112BE566220008FD73 = {
			isa = PBXGroup;
			children = (
				2F40F11C2BE566220008FD73 /* Achievements */,
				2F40F12E2BE566220008FD73 /* AchievementsTests */,
				2F40F1382BE566220008FD73 /* AchievementsUITests */,
				2F40F11B2BE566220008FD73 /* Products */,
			);
			sourceTree = "<group>";
		};
		2F40F11B2BE566220008FD73 /* Products */ = {
			isa = PBXGroup;
			children = (
				2F40F11A2BE566220008FD73 /* Achievements.app */,
				2F40F12B2BE566220008FD73 /* AchievementsTests.xctest */,
				2F40F1352BE566220008FD73 /* AchievementsUITests.xctest */,
			);
			name = Products;
			sourceTree = "<group>";
		};
		2F40F11C2BE566220008FD73 /* Achievements */ = {
			isa = PBXGroup;
			children = (
				2F40F11D2BE566220008FD73 /* AchievementsApp.swift */,
				2F40F11F2BE566220008FD73 /* ContentView.swift */,
				2F40F1212BE566220008FD73 /* Assets.xcassets */,
				2F40F1232BE566220008FD73 /* Achievements.entitlements */,
				2F40F1242BE566220008FD73 /* Preview Content */,
			);
			path = Achievements;
			sourceTree = "<group>";
		};
		2F40F1242BE566220008FD73 /* Preview Content */ = {
			isa = PBXGroup;
			children = (
				2F40F1252BE566220008FD73 /* Preview Assets.xcassets */,
			);
			path = "Preview Content";
			sourceTree = "<group>";
		};
		2F40F12E2BE566220008FD73 /* AchievementsTests */ = {
			isa = PBXGroup;
			children = (
				2F40F12F2BE566220008FD73 /* AchievementsTests.swift */,
			);
			path = AchievementsTests;
			sourceTree = "<group>";
		};
		2F40F1382BE566220008FD73 /* AchievementsUITests */ = {
			isa = PBXGroup;
			children = (
				2F40F1392BE566220008FD73 /* AchievementsUITests.swift */,
				2F40F13B2BE566220008FD73 /* AchievementsUITestsLaunchTests.swift */,
			);
			path = AchievementsUITests;
			sourceTree = "<group>";
		};
/* End PBXGroup section */

/* Begin PBXNativeTarget section */
		2F40F1192BE566220008FD73 /* Achievements */ = {
			isa = PBXNativeTarget;
			buildConfigurationList = 2F40F13F2BE566220008FD73 /* Build configuration list for PBXNativeTarget "Achievements" */;
			buildPhases = (
				2F40F1162BE566220008FD73 /* Sources */,
				2F40F1172BE566220008FD73 /* Frameworks */,
				2F40F1182BE566220008FD73 /* Resources */,
			);
			buildRules = (
			);
			dependencies = (
			);
			name = Achievements;
			productName = Achievements;
			productReference = 2F40F11A2BE566220008FD73 /* Achievements.app */;
			productType = "com.apple.product-type.application";
		};
		2F40F12A2BE566220008FD73 /* AchievementsTests */ = {
			isa = PBXNativeTarget;
			buildConfigurationList = 2F40F1422BE566220008FD73 /* Build configuration list for PBXNativeTarget "AchievementsTests" */;
			buildPhases = (
				2F40F1272BE566220008FD73 /* Sources */,
				2F40F1282BE566220008FD73 /* Frameworks */,
				2F40F1292BE566220008FD73 /* Resources */,
			);
			buildRules = (
			);
			dependencies = (
				2F40F12D2BE566220008FD73 /* PBXTargetDependency */,
			);
			name = AchievementsTests;
			productName = AchievementsTests;
			productReference = 2F40F12B2BE566220008FD73 /* AchievementsTests.xctest */;
			productType = "com.apple.product-type.bundle.unit-test";
		};
		2F40F1342BE566220008FD73 /* AchievementsUITests */ = {
			isa = PBXNativeTarget;
			buildConfigurationList = 2F40F1452BE566220008FD73 /* Build configuration list for PBXNativeTarget "AchievementsUITests" */;
			buildPhases = (
				2F40F1312BE566220008FD73 /* Sources */,
				2F40F1322BE566220008FD73 /* Frameworks */,
				2F40F1332BE566220008FD73 /* Resources */,
			);
			buildRules = (
			);
			dependencies = (
				2F40F1372BE566220008FD73 /* PBXTargetDependency */,
			);
			name = AchievementsUITests;
			productName = AchievementsUITests;
			productReference = 2F40F1352BE566220008FD73 /* AchievementsUITests.xctest */;
			productType = "com.apple.product-type.bundle.ui-testing";
		};
/* End PBXNativeTarget section */

/* Begin PBXProject section */
		2F40F1122BE566220008FD73 /* Project object */ = {
			isa = PBXProject;
			attributes = {
				BuildIndependentTargetsInParallel = 1;
				LastSwiftUpdateCheck = 1530;
				LastUpgradeCheck = 1530;
				TargetAttributes = {
					2F40F1192BE566220008FD73 = {
						CreatedOnToolsVersion = 15.3;
					};
					2F40F12A2BE566220008FD73 = {
						CreatedOnToolsVersion = 15.3;
						TestTargetID = 2F40F1192BE566220008FD73;
					};
					2F40F1342BE566220008FD73 = {
						CreatedOnToolsVersion = 15.3;
						TestTargetID = 2F40F1192BE566220008FD73;
					};
				};
			};
			buildConfigurationList = 2F40F1152BE566220008FD73 /* Build configuration list for PBXProject "Achievements" */;
			compatibilityVersion = "Xcode 14.0";
			developmentRegion = en;
			hasScannedForEncodings = 0;
			knownRegions = (
				en,
				Base,
			);
			mainGroup = 2F40F1112BE566220008FD73;
			productRefGroup = 2F40F11B2BE566220008FD73 /* Products */;
			projectDirPath = "";
			projectRoot = "";
			targets = (
				2F40F1192BE566220008FD73 /* Achievements */,
				2F40F12A2BE566220008FD73 /* AchievementsTests */,
				2F40F1342BE566220008FD73 /* AchievementsUITests */,
			);
		};
/* End PBXProject section */

/* Begin PBXResourcesBuildPhase section */
		2F40F1182BE566220008FD73 /* Resources */ = {
			isa = PBXResourcesBuildPhase;
			buildActionMask = 2147483647;
			files = (
				2F40F1262BE566220008FD73 /* Preview Assets.xcassets in Resources */,
				2F40F1222BE566220008FD73 /* Assets.xcassets in Resources */,
			);
			runOnlyForDeploymentPostprocessing = 0;
		};
		2F40F1292BE566220008FD73 /* Resources */ = {
			isa = PBXResourcesBuildPhase;
			buildActionMask = 2147483647;
			files = (
			);
			runOnlyForDeploymentPostprocessing = 0;
		};
		2F40F1332BE566220008FD73 /* Resources */ = {
			isa = PBXResourcesBuildPhase;
			buildActionMask = 2147483647;
			files = (
			);
			runOnlyForDeploymentPostprocessing = 0;
		};
/* End PBXResourcesBuildPhase section */

/* Begin PBXSourcesBuildPhase section */
		2F40F1162BE566220008FD73 /* Sources */ = {
			isa = PBXSourcesBuildPhase;
			buildActionMask = 2147483647;
			files = (
				2F40F1202BE566220008FD73 /* ContentView.swift in Sources */,
				2F40F11E2BE566220008FD73 /* AchievementsApp.swift in Sources */,
			);
			runOnlyForDeploymentPostprocessing = 0;
		};
		2F40F1272BE566220008FD73 /* Sources */ = {
			isa = PBXSourcesBuildPhase;
			buildActionMask = 2147483647;
			files = (
				2F40F1302BE566220008FD73 /* AchievementsTests.swift in Sources */,
			);
			runOnlyForDeploymentPostprocessing = 0;
		};
		2F40F1312BE566220008FD73 /* Sources */ = {
			isa = PBXSourcesBuildPhase;
			buildActionMask = 2147483647;
			files = (
				2F40F13C2BE566220008FD73 /* AchievementsUITestsLaunchTests.swift in Sources */,
				2F40F13A2BE566220008FD73 /* AchievementsUITests.swift in Sources */,
			);
			runOnlyForDeploymentPostprocessing = 0;
		};
/* End PBXSourcesBuildPhase section */

/* Begin PBXTargetDependency section */
		2F40F12D2BE566220008FD73 /* PBXTargetDependency */ = {
			isa = PBXTargetDependency;
			target = 2F40F1192BE566220008FD73 /* Achievements */;
			targetProxy = 2F40F12C2BE566220008FD73 /* PBXContainerItemProxy */;
		};
		2F40F1372BE566220008FD73 /* PBXTargetDependency */ = {
			isa = PBXTargetDependency;
			target = 2F40F1192BE566220008FD73 /* Achievements */;
			targetProxy = 2F40F1362BE566220008FD73 /* PBXContainerItemProxy */;
		};
/* End PBXTargetDependency section */

/* Begin XCBuildConfiguration section */
		2F40F13D2BE566220008FD73 /* Debug */ = {
			isa = XCBuildConfiguration;
			buildSettings = {
				ALWAYS_SEARCH_USER_PATHS = NO;
				ASSETCATALOG_COMPILER_GENERATE_SWIFT_ASSET_SYMBOL_EXTENSIONS = YES;
				CLANG_ANALYZER_NONNULL = YES;
				CLANG_ANALYZER_NUMBER_OBJECT_CONVERSION = YES_AGGRESSIVE;
				CLANG_CXX_LANGUAGE_STANDARD = "gnu++20";
				CLANG_ENABLE_MODULES = YES;
				CLANG_ENABLE_OBJC_ARC = YES;
				CLANG_ENABLE_OBJC_WEAK = YES;
				CLANG_WARN_BLOCK_CAPTURE_AUTORELEASING = YES;
				CLANG_WARN_BOOL_CONVERSION = YES;
				CLANG_WARN_COMMA = YES;
				CLANG_WARN_CONSTANT_CONVERSION = YES;
				CLANG_WARN_DEPRECATED_OBJC_IMPLEMENTATIONS = YES;
				CLANG_WARN_DIRECT_OBJC_ISA_USAGE = YES_ERROR;
				CLANG_WARN_DOCUMENTATION_COMMENTS = YES;
				CLANG_WARN_EMPTY_BODY = YES;
				CLANG_WARN_ENUM_CONVERSION = YES;
				CLANG_WARN_INFINITE_RECURSION = YES;
				CLANG_WARN_INT_CONVERSION = YES;
				CLANG_WARN_NON_LITERAL_NULL_CONVERSION = YES;
				CLANG_WARN_OBJC_IMPLICIT_RETAIN_SELF = YES;
				CLANG_WARN_OBJC_LITERAL_CONVERSION = YES;
				CLANG_WARN_OBJC_ROOT_CLASS = YES_ERROR;
				CLANG_WARN_QUOTED_INCLUDE_IN_FRAMEWORK_HEADER = YES;
				CLANG_WARN_RANGE_LOOP_ANALYSIS = YES;
				CLANG_WARN_STRICT_PROTOTYPES = YES;
				CLANG_WARN_SUSPICIOUS_MOVE = YES;
				CLANG_WARN_UNGUARDED_AVAILABILITY = YES_AGGRESSIVE;
				CLANG_WARN_UNREACHABLE_CODE = YES;
				CLANG_WARN__DUPLICATE_METHOD_MATCH = YES;
				COPY_PHASE_STRIP = NO;
				DEBUG_INFORMATION_FORMAT = dwarf;
				ENABLE_STRICT_OBJC_MSGSEND = YES;
				ENABLE_TESTABILITY = YES;
				ENABLE_USER_SCRIPT_SANDBOXING = YES;
				GCC_C_LANGUAGE_STANDARD = gnu17;
				GCC_DYNAMIC_NO_PIC = NO;
				GCC_NO_COMMON_BLOCKS = YES;
				GCC_OPTIMIZATION_LEVEL = 0;
				GCC_PREPROCESSOR_DEFINITIONS = (
					"DEBUG=1",
					"$(inherited)",
				);
				GCC_WARN_64_TO_32_BIT_CONVERSION = YES;
				GCC_WARN_ABOUT_RETURN_TYPE = YES_ERROR;
				GCC_WARN_UNDECLARED_SELECTOR = YES;
				GCC_WARN_UNINITIALIZED_AUTOS = YES_AGGRESSIVE;
				GCC_WARN_UNUSED_FUNCTION = YES;
				GCC_WARN_UNUSED_VARIABLE = YES;
				LOCALIZATION_PREFERS_STRING_CATALOGS = YES;
				MTL_ENABLE_DEBUG_INFO = INCLUDE_SOURCE;
				MTL_FAST_MATH = YES;
				ONLY_ACTIVE_ARCH = YES;
				SWIFT_ACTIVE_COMPILATION_CONDITIONS = "DEBUG $(inherited)";
				SWIFT_OPTIMIZATION_LEVEL = "-Onone";
			};
			name = Debug;
		};
		2F40F13E2BE566220008FD73 /* Release */ = {
			isa = XCBuildConfiguration;
			buildSettings = {
				ALWAYS_SEARCH_USER_PATHS = NO;
				ASSETCATALOG_COMPILER_GENERATE_SWIFT_ASSET_SYMBOL_EXTENSIONS = YES;
				CLANG_ANALYZER_NONNULL = YES;
				CLANG_ANALYZER_NUMBER_OBJECT_CONVERSION = YES_AGGRESSIVE;
				CLANG_CXX_LANGUAGE_STANDARD = "gnu++20";
				CLANG_ENABLE_MODULES = YES;
				CLANG_ENABLE_OBJC_ARC = YES;
				CLANG_ENABLE_OBJC_WEAK = YES;
				CLANG_WARN_BLOCK_CAPTURE_AUTORELEASING = YES;
				CLANG_WARN_BOOL_CONVERSION = YES;
				CLANG_WARN_COMMA = YES;
				CLANG_WARN_CONSTANT_CONVERSION = YES;
				CLANG_WARN_DEPRECATED_OBJC_IMPLEMENTATIONS = YES;
				CLANG_WARN_DIRECT_OBJC_ISA_USAGE = YES_ERROR;
				CLANG_WARN_DOCUMENTATION_COMMENTS = YES;
				CLANG_WARN_EMPTY_BODY = YES;
				CLANG_WARN_ENUM_CONVERSION = YES;
				CLANG_WARN_INFINITE_RECURSION = YES;
				CLANG_WARN_INT_CONVERSION = YES;
				CLANG_WARN_NON_LITERAL_NULL_CONVERSION = YES;
				CLANG_WARN_OBJC_IMPLICIT_RETAIN_SELF = YES;
				CLANG_WARN_OBJC_LITERAL_CONVERSION = YES;
				CLANG_WARN_OBJC_ROOT_CLASS = YES_ERROR;
				CLANG_WARN_QUOTED_INCLUDE_IN_FRAMEWORK_HEADER = YES;
				CLANG_WARN_RANGE_LOOP_ANALYSIS = YES;
				CLANG_WARN_STRICT_PROTOTYPES = YES;
				CLANG_WARN_SUSPICIOUS_MOVE = YES;
				CLANG_WARN_UNGUARDED_AVAILABILITY = YES_AGGRESSIVE;
				CLANG_WARN_UNREACHABLE_CODE = YES;
				CLANG_WARN__DUPLICATE_METHOD_MATCH = YES;
				COPY_PHASE_STRIP = NO;
				DEBUG_INFORMATION_FORMAT = "dwarf-with-dsym";
				ENABLE_NS_ASSERTIONS = NO;
				ENABLE_STRICT_OBJC_MSGSEND = YES;
				ENABLE_USER_SCRIPT_SANDBOXING = YES;
				GCC_C_LANGUAGE_STANDARD = gnu17;
				GCC_NO_COMMON_BLOCKS = YES;
				GCC_WARN_64_TO_32_BIT_CONVERSION = YES;
				GCC_WARN_ABOUT_RETURN_TYPE = YES_ERROR;
				GCC_WARN_UNDECLARED_SELECTOR = YES;
				GCC_WARN_UNINITIALIZED_AUTOS = YES_AGGRESSIVE;
				GCC_WARN_UNUSED_FUNCTION = YES;
				GCC_WARN_UNUSED_VARIABLE = YES;
				LOCALIZATION_PREFERS_STRING_CATALOGS = YES;
				MTL_ENABLE_DEBUG_INFO = NO;
				MTL_FAST_MATH = YES;
				SWIFT_COMPILATION_MODE = wholemodule;
			};
			name = Release;
		};
		2F40F1402BE566220008FD73 /* Debug */ = {
			isa = XCBuildConfiguration;
			buildSettings = {
				ASSETCATALOG_COMPILER_APPICON_NAME = AppIcon;
				ASSETCATALOG_COMPILER_GLOBAL_ACCENT_COLOR_NAME = AccentColor;
				CODE_SIGN_ENTITLEMENTS = Achievements/Achievements.entitlements;
				CODE_SIGN_STYLE = Automatic;
				CURRENT_PROJECT_VERSION = 1;
				DEVELOPMENT_ASSET_PATHS = "\"Achievements/Preview Content\"";
				ENABLE_PREVIEWS = YES;
				GENERATE_INFOPLIST_FILE = YES;
				"INFOPLIST_KEY_UIApplicationSceneManifest_Generation[sdk=iphoneos*]" = YES;
				"INFOPLIST_KEY_UIApplicationSceneManifest_Generation[sdk=iphonesimulator*]" = YES;
				"INFOPLIST_KEY_UIApplicationSupportsIndirectInputEvents[sdk=iphoneos*]" = YES;
				"INFOPLIST_KEY_UIApplicationSupportsIndirectInputEvents[sdk=iphonesimulator*]" = YES;
				"INFOPLIST_KEY_UILaunchScreen_Generation[sdk=iphoneos*]" = YES;
				"INFOPLIST_KEY_UILaunchScreen_Generation[sdk=iphonesimulator*]" = YES;
				"INFOPLIST_KEY_UIStatusBarStyle[sdk=iphoneos*]" = UIStatusBarStyleDefault;
				"INFOPLIST_KEY_UIStatusBarStyle[sdk=iphonesimulator*]" = UIStatusBarStyleDefault;
				INFOPLIST_KEY_UISupportedInterfaceOrientations_iPad = "UIInterfaceOrientationPortrait UIInterfaceOrientationPortraitUpsideDown UIInterfaceOrientationLandscapeLeft UIInterfaceOrientationLandscapeRight";
				INFOPLIST_KEY_UISupportedInterfaceOrientations_iPhone = "UIInterfaceOrientationPortrait UIInterfaceOrientationLandscapeLeft UIInterfaceOrientationLandscapeRight";
				IPHONEOS_DEPLOYMENT_TARGET = 17.4;
				LD_RUNPATH_SEARCH_PATHS = "@executable_path/Frameworks";
				"LD_RUNPATH_SEARCH_PATHS[sdk=macosx*]" = "@executable_path/../Frameworks";
				MACOSX_DEPLOYMENT_TARGET = 14.4;
				MARKETING_VERSION = 1.0;
				PRODUCT_BUNDLE_IDENTIFIER = personal.Achievements;
				PRODUCT_NAME = "$(TARGET_NAME)";
				SDKROOT = auto;
				SUPPORTED_PLATFORMS = "iphoneos iphonesimulator macosx";
				SWIFT_EMIT_LOC_STRINGS = YES;
				SWIFT_VERSION = 5.0;
				TARGETED_DEVICE_FAMILY = "1,2";
			};
			name = Debug;
		};
		2F40F1412BE566220008FD73 /* Release */ = {
			isa = XCBuildConfiguration;
			buildSettings = {
				ASSETCATALOG_COMPILER_APPICON_NAME = AppIcon;
				ASSETCATALOG_COMPILER_GLOBAL_ACCENT_COLOR_NAME = AccentColor;
				CODE_SIGN_ENTITLEMENTS = Achievements/Achievements.entitlements;
				CODE_SIGN_STYLE = Automatic;
				CURRENT_PROJECT_VERSION = 1;
				DEVELOPMENT_ASSET_PATHS = "\"Achievements/Preview Content\"";
				ENABLE_PREVIEWS = YES;
				GENERATE_INFOPLIST_FILE = YES;
				"INFOPLIST_KEY_UIApplicationSceneManifest_Generation[sdk=iphoneos*]" = YES;
				"INFOPLIST_KEY_UIApplicationSceneManifest_Generation[sdk=iphonesimulator*]" = YES;
				"INFOPLIST_KEY_UIApplicationSupportsIndirectInputEvents[sdk=iphoneos*]" = YES;
				"INFOPLIST_KEY_UIApplicationSupportsIndirectInputEvents[sdk=iphonesimulator*]" = YES;
				"INFOPLIST_KEY_UILaunchScreen_Generation[sdk=iphoneos*]" = YES;
				"INFOPLIST_KEY_UILaunchScreen_Generation[sdk=iphonesimulator*]" = YES;
				"INFOPLIST_KEY_UIStatusBarStyle[sdk=iphoneos*]" = UIStatusBarStyleDefault;
				"INFOPLIST_KEY_UIStatusBarStyle[sdk=iphonesimulator*]" = UIStatusBarStyleDefault;
				INFOPLIST_KEY_UISupportedInterfaceOrientations_iPad = "UIInterfaceOrientationPortrait UIInterfaceOrientationPortraitUpsideDown UIInterfaceOrientationLandscapeLeft UIInterfaceOrientationLandscapeRight";
				INFOPLIST_KEY_UISupportedInterfaceOrientations_iPhone = "UIInterfaceOrientationPortrait UIInterfaceOrientationLandscapeLeft UIInterfaceOrientationLandscapeRight";
				IPHONEOS_DEPLOYMENT_TARGET = 17.4;
				LD_RUNPATH_SEARCH_PATHS = "@executable_path/Frameworks";
				"LD_RUNPATH_SEARCH_PATHS[sdk=macosx*]" = "@executable_path/../Frameworks";
				MACOSX_DEPLOYMENT_TARGET = 14.4;
				MARKETING_VERSION = 1.0;
				PRODUCT_BUNDLE_IDENTIFIER = personal.Achievements;
				PRODUCT_NAME = "$(TARGET_NAME)";
				SDKROOT = auto;
				SUPPORTED_PLATFORMS = "iphoneos iphonesimulator macosx";
				SWIFT_EMIT_LOC_STRINGS = YES;
				SWIFT_VERSION = 5.0;
				TARGETED_DEVICE_FAMILY = "1,2";
			};
			name = Release;
		};
		2F40F1432BE566220008FD73 /* Debug */ = {
			isa = XCBuildConfiguration;
			buildSettings = {
				ALWAYS_EMBED_SWIFT_STANDARD_LIBRARIES = YES;
				BUNDLE_LOADER = "$(TEST_HOST)";
				CODE_SIGN_STYLE = Automatic;
				CURRENT_PROJECT_VERSION = 1;
				GENERATE_INFOPLIST_FILE = YES;
				IPHONEOS_DEPLOYMENT_TARGET = 17.4;
				MACOSX_DEPLOYMENT_TARGET = 14.4;
				MARKETING_VERSION = 1.0;
				PRODUCT_BUNDLE_IDENTIFIER = personal.AchievementsTests;
				PRODUCT_NAME = "$(TARGET_NAME)";
				SDKROOT = auto;
				SUPPORTED_PLATFORMS = "iphoneos iphonesimulator macosx";
				SWIFT_EMIT_LOC_STRINGS = NO;
				SWIFT_VERSION = 5.0;
				TARGETED_DEVICE_FAMILY = "1,2";
				TEST_HOST = "$(BUILT_PRODUCTS_DIR)/Achievements.app/$(BUNDLE_EXECUTABLE_FOLDER_PATH)/Achievements";
			};
			name = Debug;
		};
		2F40F1442BE566220008FD73 /* Release */ = {
			isa = XCBuildConfiguration;
			buildSettings = {
				ALWAYS_EMBED_SWIFT_STANDARD_LIBRARIES = YES;
				BUNDLE_LOADER = "$(TEST_HOST)";
				CODE_SIGN_STYLE = Automatic;
				CURRENT_PROJECT_VERSION = 1;
				GENERATE_INFOPLIST_FILE = YES;
				IPHONEOS_DEPLOYMENT_TARGET = 17.4;
				MACOSX_DEPLOYMENT_TARGET = 14.4;
				MARKETING_VERSION = 1.0;
				PRODUCT_BUNDLE_IDENTIFIER = personal.AchievementsTests;
				PRODUCT_NAME = "$(TARGET_NAME)";
				SDKROOT = auto;
				SUPPORTED_PLATFORMS = "iphoneos iphonesimulator macosx";
				SWIFT_EMIT_LOC_STRINGS = NO;
				SWIFT_VERSION = 5.0;
				TARGETED_DEVICE_FAMILY = "1,2";
				TEST_HOST = "$(BUILT_PRODUCTS_DIR)/Achievements.app/$(BUNDLE_EXECUTABLE_FOLDER_PATH)/Achievements";
			};
			name = Release;
		};
		2F40F1462BE566220008FD73 /* Debug */ = {
			isa = XCBuildConfiguration;
			buildSettings = {
				ALWAYS_EMBED_SWIFT_STANDARD_LIBRARIES = YES;
				CODE_SIGN_STYLE = Automatic;
				CURRENT_PROJECT_VERSION = 1;
				GENERATE_INFOPLIST_FILE = YES;
				IPHONEOS_DEPLOYMENT_TARGET = 17.4;
				MACOSX_DEPLOYMENT_TARGET = 14.4;
				MARKETING_VERSION = 1.0;
				PRODUCT_BUNDLE_IDENTIFIER = personal.AchievementsUITests;
				PRODUCT_NAME = "$(TARGET_NAME)";
				SDKROOT = auto;
				SUPPORTED_PLATFORMS = "iphoneos iphonesimulator macosx";
				SWIFT_EMIT_LOC_STRINGS = NO;
				SWIFT_VERSION = 5.0;
				TARGETED_DEVICE_FAMILY = "1,2";
				TEST_TARGET_NAME = Achievements;
			};
			name = Debug;
		};
		2F40F1472BE566220008FD73 /* Release */ = {
			isa = XCBuildConfiguration;
			buildSettings = {
				ALWAYS_EMBED_SWIFT_STANDARD_LIBRARIES = YES;
				CODE_SIGN_STYLE = Automatic;
				CURRENT_PROJECT_VERSION = 1;
				GENERATE_INFOPLIST_FILE = YES;
				IPHONEOS_DEPLOYMENT_TARGET = 17.4;
				MACOSX_DEPLOYMENT_TARGET = 14.4;
				MARKETING_VERSION = 1.0;
				PRODUCT_BUNDLE_IDENTIFIER = personal.AchievementsUITests;
				PRODUCT_NAME = "$(TARGET_NAME)";
				SDKROOT = auto;
				SUPPORTED_PLATFORMS = "iphoneos iphonesimulator macosx";
				SWIFT_EMIT_LOC_STRINGS = NO;
				SWIFT_VERSION = 5.0;
				TARGETED_DEVICE_FAMILY = "1,2";
				TEST_TARGET_NAME = Achievements;
			};
			name = Release;
		};
/* End XCBuildConfiguration section */

/* Begin XCConfigurationList section */
		2F40F1152BE566220008FD73 /* Build configuration list for PBXProject "Achievements" */ = {
			isa = XCConfigurationList;
			buildConfigurations = (
				2F40F13D2BE566220008FD73 /* Debug */,
				2F40F13E2BE566220008FD73 /* Release */,
			);
			defaultConfigurationIsVisible = 0;
			defaultConfigurationName = Release;
		};
		2F40F13F2BE566220008FD73 /* Build configuration list for PBXNativeTarget "Achievements" */ = {
			isa = XCConfigurationList;
			buildConfigurations = (
				2F40F1402BE566220008FD73 /* Debug */,
				2F40F1412BE566220008FD73 /* Release */,
			);
			defaultConfigurationIsVisible = 0;
			defaultConfigurationName = Release;
		};
		2F40F1422BE566220008FD73 /* Build configuration list for PBXNativeTarget "AchievementsTests" */ = {
			isa = XCConfigurationList;
			buildConfigurations = (
				2F40F1432BE566220008FD73 /* Debug */,
				2F40F1442BE566220008FD73 /* Release */,
			);
			defaultConfigurationIsVisible = 0;
			defaultConfigurationName = Release;
		};
		2F40F1452BE566220008FD73 /* Build configuration list for PBXNativeTarget "AchievementsUITests" */ = {
			isa = XCConfigurationList;
			buildConfigurations = (
				2F40F1462BE566220008FD73 /* Debug */,
				2F40F1472BE566220008FD73 /* Release */,
			);
			defaultConfigurationIsVisible = 0;
			defaultConfigurationName = Release;
		};
/* End XCConfigurationList section */
	};
	rootObject = 2F40F1122BE566220008FD73 /* Project object */;
}
